
Microsoft Visual Studio Solution File, Format Version 12.00
# Visual Studio Version 17
VisualStudioVersion = 17.14.36414.22 d17.14
MinimumVisualStudioVersion = 10.0.40219.1
Project("{FAE04EC0-301F-11D3-BF4B-00C04F79EFBC}") = "EdAssistant", "EdAssistant\EdAssistant.csproj", "{C2851773-934D-C97F-131F-08FEB463A9A9}"
EndProject
Project("{FAE04EC0-301F-11D3-BF4B-00C04F79EFBC}") = "EdAssistant.Desktop", "EdAssistant.Desktop\EdAssistant.Desktop.csproj", "{94EFCE59-1630-6591-F3FB-5023B3E9EFAC}"
EndProject
Global
	GlobalSection(SolutionConfigurationPlatforms) = preSolution
		Debug|Any CPU = Debug|Any CPU
		Release|Any CPU = Release|Any CPU
	EndGlobalSection
	GlobalSection(ProjectConfigurationPlatforms) = postSolution
		{C2851773-934D-C97F-131F-08FEB463A9A9}.Debug|Any CPU.ActiveCfg = Debug|Any CPU
		{C2851773-934D-C97F-131F-08FEB463A9A9}.Debug|Any CPU.Build.0 = Debug|Any CPU
		{C2851773-934D-C97F-131F-08FEB463A9A9}.Release|Any CPU.ActiveCfg = Release|Any CPU
		{C2851773-934D-C97F-131F-08FEB463A9A9}.Release|Any CPU.Build.0 = Release|Any CPU
		{94EFCE59-1630-6591-F3FB-5023B3E9EFAC}.Debug|Any CPU.ActiveCfg = Debug|Any CPU
		{94EFCE59-1630-6591-F3FB-5023B3E9EFAC}.Debug|Any CPU.Build.0 = Debug|Any CPU
		{94EFCE59-1630-6591-F3FB-5023B3E9EFAC}.Release|Any CPU.ActiveCfg = Release|Any CPU
		{94EFCE59-1630-6591-F3FB-5023B3E9EFAC}.Release|Any CPU.Build.0 = Release|Any CPU
	EndGlobalSection
	GlobalSection(SolutionProperties) = preSolution
		HideSolutionNode = FALSE
	EndGlobalSection
	GlobalSection(ExtensibilityGlobals) = postSolution
		SolutionGuid = {B4836268-47C2-49C3-9339-F55DF953DF22}
	EndGlobalSection
EndGlobal
