<Solution>
  <Project Path="ED.Assistant.csproj" />
  <Project Path="../ED.Assistant.Plugins.Abstractions/ED.Assistant.Plugins.Abstractions.csproj" />
  <Folder Name="/Plugins/">
    <Project Path="../Plugins/ED.Assistant.Plugins.Explorer/ED.Assistant.Plugins.Explorer.csproj" />
    <Project Path="../Plugins/ED.Assistant.Plugins.MarketConnector/ED.Assistant.Plugins.MarketConnector.csproj" />
    <Project Path="../Plugins/ED.Assistant.Plugins.NoctaliaDesktopNotifier/ED.Assistant.Plugins.NoctaliaDesktopNotifier.csproj" />
  </Folder>
</Solution>
